
Microsoft Visual Studio Solution File, Format Version 12.00
# Visual Studio Version 16
VisualStudioVersion = 16.0.29926.136
MinimumVisualStudioVersion = 10.0.40219.1
Project("{FAE04EC0-301F-11D3-BF4B-00C04F79EFBC}") = "Class project1", "Class project1.csproj", "{6AA6FF2C-6142-4175-A1C6-092794FAF56D}"
EndProject
Global
	GlobalSection(SolutionConfigurationPlatforms) = preSolution
		Debug|Any CPU = Debug|Any CPU
		Release|Any CPU = Release|Any CPU
	EndGlobalSection
	GlobalSection(ProjectConfigurationPlatforms) = postSolution
		{6AA6FF2C-6142-4175-A1C6-092794FAF56D}.Debug|Any CPU.ActiveCfg = Debug|Any CPU
		{6AA6FF2C-6142-4175-A1C6-092794FAF56D}.Debug|Any CPU.Build.0 = Debug|Any CPU
		{6AA6FF2C-6142-4175-A1C6-092794FAF56D}.Release|Any CPU.ActiveCfg = Release|Any CPU
		{6AA6FF2C-6142-4175-A1C6-092794FAF56D}.Release|Any CPU.Build.0 = Release|Any CPU
	EndGlobalSection
	GlobalSection(SolutionProperties) = preSolution
		HideSolutionNode = FALSE
	EndGlobalSection
	GlobalSection(ExtensibilityGlobals) = postSolution
		SolutionGuid = {6481E89D-61A6-4A41-8CB4-160D9484948B}
	EndGlobalSection
EndGlobal
